// !$*UTF8*$!
{
	archiveVersion = 1;
	classes = {
	};
	objectVersion = 54;
	objects = {

/* Begin PBXBuildFile section */
		04754A9886060761775E2E1B /* KalugaLabel+SwiftUI.generated.swift in Sources */ = {isa = PBXBuildFile; fileRef = F3A826344DD859D1A70A50DA /* KalugaLabel+SwiftUI.generated.swift */; };
		058557BB273AAA24004C7B11 /* Assets.xcassets in Resources */ = {isa = PBXBuildFile; fileRef = 058557BA273AAA24004C7B11 /* Assets.xcassets */; };
		058557D9273AAEEB004C7B11 /* Preview Assets.xcassets in Resources */ = {isa = PBXBuildFile; fileRef = 058557D8273AAEEB004C7B11 /* Preview Assets.xcassets */; };
		058E27B9C6FDABB4CF53DDDF /* RoutingState.generated.swift in Sources */ = {isa = PBXBuildFile; fileRef = 6DA39B482E4B46EDBEF4E573 /* RoutingState.generated.swift */; };
		06DA7602FCD40FC96BE0B6D7 /* ContainerView.generated.swift in Sources */ = {isa = PBXBuildFile; fileRef = 9BE43767F0B59D440634298D /* ContainerView.generated.swift */; };
		11559CDEE3603AD2A26594A5 /* LifecycleViewModel.generated.swift in Sources */ = {isa = PBXBuildFile; fileRef = 0CADD6A42A7B9222F7B30AA6 /* LifecycleViewModel.generated.swift */; };
		122B623E57B902F1045F1E26 /* PlatformMappers.generated.swift in Sources */ = {isa = PBXBuildFile; fileRef = 1A7A62257F00AFBB12B8616B /* PlatformMappers.generated.swift */; };
		1569BED948AEEC91EC1737E4 /* KalugaStyledString+SwiftUI.generated.swift in Sources */ = {isa = PBXBuildFile; fileRef = D963EF3C4F0C141A4A80C891 /* KalugaStyledString+SwiftUI.generated.swift */; };
		1CCC742CFE45D506AD452E4E /* LazyView.generated.swift in Sources */ = {isa = PBXBuildFile; fileRef = EA6CBAFDA191747DE6BFB4B0 /* LazyView.generated.swift */; };
		1D67A76FCA08FD976FFD9E69 /* Observable.generated.swift in Sources */ = {isa = PBXBuildFile; fileRef = 69246E55BCB962279D2220E0 /* Observable.generated.swift */; };
		2152FB042600AC8F00CF470E /* iOSApp.swift in Sources */ = {isa = PBXBuildFile; fileRef = 2152FB032600AC8F00CF470E /* iOSApp.swift */; };
		277600BC3DC673E70E5A18C5 /* Color+Color.generated.swift in Sources */ = {isa = PBXBuildFile; fileRef = 76088B1B2130282DA6BB6E45 /* Color+Color.generated.swift */; };
		29395FA8970D38A0CBBB8913 /* KalugaBackgroundStyle+SwiftUI.generated.swift in Sources */ = {isa = PBXBuildFile; fileRef = F91AE96E17B56B56CB7AF766 /* KalugaBackgroundStyle+SwiftUI.generated.swift */; };
		2F840DCC27B0A6704BC055E6 /* Pods_CucumberTests.framework in Frameworks */ = {isa = PBXBuildFile; fileRef = 46F9ECEF183B5649D7FE3536 /* Pods_CucumberTests.framework */; };
		436308B705EE84E8FEE8CD21 /* DefaultValues.generated.swift in Sources */ = {isa = PBXBuildFile; fileRef = CC158DB5DDE249A03B2F51AC /* DefaultValues.generated.swift */; };
		48C5442ECE76BED5A8FFFAE9 /* ListObservable.generated.swift in Sources */ = {isa = PBXBuildFile; fileRef = 140577234C8D9C9BD309475E /* ListObservable.generated.swift */; };
		4D7D41A3A4FA6F91C431D068 /* KalugaDate+Extensions.generated.swift in Sources */ = {isa = PBXBuildFile; fileRef = 1D787A9CEB2779127CD15B6F /* KalugaDate+Extensions.generated.swift */; };
		5A0347FCDC0723695A7D6A7C /* PlatformValueMapper.generated.swift in Sources */ = {isa = PBXBuildFile; fileRef = 9E798EA8B136B833082411B4 /* PlatformValueMapper.generated.swift */; };
		640CC3C82AB49ECA003E3D8C /* Node+Extensions.swift in Sources */ = {isa = PBXBuildFile; fileRef = 640CC3C72AB49ECA003E3D8C /* Node+Extensions.swift */; };
		640DFEEC2A370DA300ABF2DD /* CucumberTests.swift in Sources */ = {isa = PBXBuildFile; fileRef = 640DFEEB2A370DA300ABF2DD /* CucumberTests.swift */; };
		640DFEF52A370DD200ABF2DD /* Features in Resources */ = {isa = PBXBuildFile; fileRef = 640DFEF42A370DD200ABF2DD /* Features */; };
		640DFEF82A370F5C00ABF2DD /* CucumberTests.m in Sources */ = {isa = PBXBuildFile; fileRef = 640DFEF72A370F5C00ABF2DD /* CucumberTests.m */; };
		648329022A43391500E5A4A8 /* ContentView.swift in Sources */ = {isa = PBXBuildFile; fileRef = 7555FF82242A565900829871 /* ContentView.swift */; };
		648329032A43391500E5A4A8 /* iOSApp.swift in Sources */ = {isa = PBXBuildFile; fileRef = 2152FB032600AC8F00CF470E /* iOSApp.swift */; };
		6483290D2A4AE1C000E5A4A8 /* LoginView.swift in Sources */ = {isa = PBXBuildFile; fileRef = 6483290C2A4AE1C000E5A4A8 /* LoginView.swift */; };
		6483290E2A4AE69D00E5A4A8 /* LoginView.swift in Sources */ = {isa = PBXBuildFile; fileRef = 6483290C2A4AE1C000E5A4A8 /* LoginView.swift */; };
		6483290F2A4AE6B200E5A4A8 /* Color+Color.generated.swift in Sources */ = {isa = PBXBuildFile; fileRef = 76088B1B2130282DA6BB6E45 /* Color+Color.generated.swift */; };
		648329102A4AE6B600E5A4A8 /* ContainerView.generated.swift in Sources */ = {isa = PBXBuildFile; fileRef = 9BE43767F0B59D440634298D /* ContainerView.generated.swift */; };
		648329112A4AE6BB00E5A4A8 /* LazyView.generated.swift in Sources */ = {isa = PBXBuildFile; fileRef = EA6CBAFDA191747DE6BFB4B0 /* LazyView.generated.swift */; };
		648329122A4AE6BB00E5A4A8 /* ListSubject.generated.swift in Sources */ = {isa = PBXBuildFile; fileRef = 1A6188C0AEA563E5E4D3E7AB /* ListSubject.generated.swift */; };
		648329132A4AE6BB00E5A4A8 /* LifecycleViewModel.generated.swift in Sources */ = {isa = PBXBuildFile; fileRef = 0CADD6A42A7B9222F7B30AA6 /* LifecycleViewModel.generated.swift */; };
		648329142A4AE6BB00E5A4A8 /* KalugaStyledString+SwiftUI.generated.swift in Sources */ = {isa = PBXBuildFile; fileRef = D963EF3C4F0C141A4A80C891 /* KalugaStyledString+SwiftUI.generated.swift */; };
		648329152A4AE6BB00E5A4A8 /* Subject.generated.swift in Sources */ = {isa = PBXBuildFile; fileRef = F45727342CFD5BEA57D61051 /* Subject.generated.swift */; };
		648329162A4AE6BB00E5A4A8 /* NavigationBarColor.generated.swift in Sources */ = {isa = PBXBuildFile; fileRef = 5416DF2E8BB6BE190C0431AF /* NavigationBarColor.generated.swift */; };
		648329172A4AE6BB00E5A4A8 /* PlatformValueMapper.generated.swift in Sources */ = {isa = PBXBuildFile; fileRef = 9E798EA8B136B833082411B4 /* PlatformValueMapper.generated.swift */; };
		648329182A4AE6BB00E5A4A8 /* RoutingState.generated.swift in Sources */ = {isa = PBXBuildFile; fileRef = 6DA39B482E4B46EDBEF4E573 /* RoutingState.generated.swift */; };
		648329192A4AE6BB00E5A4A8 /* KalugaBackgroundStyle+SwiftUI.generated.swift in Sources */ = {isa = PBXBuildFile; fileRef = F91AE96E17B56B56CB7AF766 /* KalugaBackgroundStyle+SwiftUI.generated.swift */; };
		6483291A2A4AE6BB00E5A4A8 /* ListObservable.generated.swift in Sources */ = {isa = PBXBuildFile; fileRef = 140577234C8D9C9BD309475E /* ListObservable.generated.swift */; };
		6483291B2A4AE6BB00E5A4A8 /* Navigation.generated.swift in Sources */ = {isa = PBXBuildFile; fileRef = A492DFDE55EF1239A015ECBA /* Navigation.generated.swift */; };
		6483291C2A4AE6BB00E5A4A8 /* PlatformMappers.generated.swift in Sources */ = {isa = PBXBuildFile; fileRef = 1A7A62257F00AFBB12B8616B /* PlatformMappers.generated.swift */; };
		6483291D2A4AE6BB00E5A4A8 /* Shape+Helpers.generated.swift in Sources */ = {isa = PBXBuildFile; fileRef = 0F764B357F53351DA1C5F453 /* Shape+Helpers.generated.swift */; };
		6483291E2A4AE6BB00E5A4A8 /* UninitializedObservable.generated.swift in Sources */ = {isa = PBXBuildFile; fileRef = 48B350D3EB640C8B7B253753 /* UninitializedObservable.generated.swift */; };
		6483291F2A4AE6BB00E5A4A8 /* KalugaDate+Extensions.generated.swift in Sources */ = {isa = PBXBuildFile; fileRef = 1D787A9CEB2779127CD15B6F /* KalugaDate+Extensions.generated.swift */; };
		648329202A4AE6BB00E5A4A8 /* TintedImage+Image.generated.swift in Sources */ = {isa = PBXBuildFile; fileRef = E52FF51F397E317F81326758 /* TintedImage+Image.generated.swift */; };
		648329212A4AE6BB00E5A4A8 /* UninitializedSubject.generated.swift in Sources */ = {isa = PBXBuildFile; fileRef = 191BB22D1226AD539DDC6631 /* UninitializedSubject.generated.swift */; };
		648329222A4AE6BB00E5A4A8 /* KalugaButton+SwiftUI.generated.swift in Sources */ = {isa = PBXBuildFile; fileRef = 0BD5DBA2F73F7FE042D3B40A /* KalugaButton+SwiftUI.generated.swift */; };
		648329232A4AE6BB00E5A4A8 /* Observable.generated.swift in Sources */ = {isa = PBXBuildFile; fileRef = 69246E55BCB962279D2220E0 /* Observable.generated.swift */; };
		648329252A4AE6BB00E5A4A8 /* KalugaLabel+SwiftUI.generated.swift in Sources */ = {isa = PBXBuildFile; fileRef = F3A826344DD859D1A70A50DA /* KalugaLabel+SwiftUI.generated.swift */; };
		648329262A4AE6BB00E5A4A8 /* DefaultValues.generated.swift in Sources */ = {isa = PBXBuildFile; fileRef = CC158DB5DDE249A03B2F51AC /* DefaultValues.generated.swift */; };
		648329272A4AE6BB00E5A4A8 /* HasDefaultValue.generated.swift in Sources */ = {isa = PBXBuildFile; fileRef = 71FBD06B4210EBAC91D0F6B4 /* HasDefaultValue.generated.swift */; };
		6483292A2A4B0C4C00E5A4A8 /* HomeView.swift in Sources */ = {isa = PBXBuildFile; fileRef = 648329292A4B0C4C00E5A4A8 /* HomeView.swift */; };
		6483292B2A4B0C4D00E5A4A8 /* HomeView.swift in Sources */ = {isa = PBXBuildFile; fileRef = 648329292A4B0C4C00E5A4A8 /* HomeView.swift */; };
		649B6F942A388AC600C40DCC /* XCTest.framework in Frameworks */ = {isa = PBXBuildFile; fileRef = 649B6F932A388AC600C40DCC /* XCTest.framework */; platformFilter = ios; };
		649B6F9A2A389F5F00C40DCC /* XCUIElement.swift in Sources */ = {isa = PBXBuildFile; fileRef = 649B6F992A389F5F00C40DCC /* XCUIElement.swift */; };
		649B6F9C2A389F9300C40DCC /* Timeout.swift in Sources */ = {isa = PBXBuildFile; fileRef = 649B6F9B2A389F9300C40DCC /* Timeout.swift */; };
		68EA8C9419458D6A6566101E /* Subject.generated.swift in Sources */ = {isa = PBXBuildFile; fileRef = F45727342CFD5BEA57D61051 /* Subject.generated.swift */; };
		693A36FB6E50AC623D41EE80 /* HasDefaultValue.generated.swift in Sources */ = {isa = PBXBuildFile; fileRef = 71FBD06B4210EBAC91D0F6B4 /* HasDefaultValue.generated.swift */; };
		7555FF83242A565900829871 /* ContentView.swift in Sources */ = {isa = PBXBuildFile; fileRef = 7555FF82242A565900829871 /* ContentView.swift */; };
		950A2C9198CDAB6069C6CB0E /* ListSubject.generated.swift in Sources */ = {isa = PBXBuildFile; fileRef = 1A6188C0AEA563E5E4D3E7AB /* ListSubject.generated.swift */; };
		9C2DEBA23A9EA0C3DB968B39 /* NavigationBarColor.generated.swift in Sources */ = {isa = PBXBuildFile; fileRef = 5416DF2E8BB6BE190C0431AF /* NavigationBarColor.generated.swift */; };
		A0E41188A70FBC3218884E58 /* TintedImage+Image.generated.swift in Sources */ = {isa = PBXBuildFile; fileRef = E52FF51F397E317F81326758 /* TintedImage+Image.generated.swift */; };
		B2F86655BFF81CF0FD39EF0E /* Navigation.generated.swift in Sources */ = {isa = PBXBuildFile; fileRef = A492DFDE55EF1239A015ECBA /* Navigation.generated.swift */; };
		E0B3E5622CB67E29A284CAAC /* UninitializedObservable.generated.swift in Sources */ = {isa = PBXBuildFile; fileRef = 48B350D3EB640C8B7B253753 /* UninitializedObservable.generated.swift */; };
		EFCEAFBC9EED5758D0B8E4F7 /* Shape+Helpers.generated.swift in Sources */ = {isa = PBXBuildFile; fileRef = 0F764B357F53351DA1C5F453 /* Shape+Helpers.generated.swift */; };
		F64FDA6B23C6F74A882DF2F5 /* KalugaButton+SwiftUI.generated.swift in Sources */ = {isa = PBXBuildFile; fileRef = 0BD5DBA2F73F7FE042D3B40A /* KalugaButton+SwiftUI.generated.swift */; };
		FAF26C36EFC614CD413B9488 /* UninitializedSubject.generated.swift in Sources */ = {isa = PBXBuildFile; fileRef = 191BB22D1226AD539DDC6631 /* UninitializedSubject.generated.swift */; };
/* End PBXBuildFile section */

/* Begin PBXContainerItemProxy section */
		64C235582AE942A600AA3E3E /* PBXContainerItemProxy */ = {
			isa = PBXContainerItemProxy;
			containerPortal = 7555FF73242A565900829871 /* Project object */;
			proxyType = 1;
			remoteGlobalIDString = 7555FF7A242A565900829871;
			remoteInfo = ios;
		};
/* End PBXContainerItemProxy section */

/* Begin PBXFileReference section */
		058557BA273AAA24004C7B11 /* Assets.xcassets */ = {isa = PBXFileReference; lastKnownFileType = folder.assetcatalog; path = Assets.xcassets; sourceTree = "<group>"; };
		058557D8273AAEEB004C7B11 /* Preview Assets.xcassets */ = {isa = PBXFileReference; lastKnownFileType = folder.assetcatalog; path = "Preview Assets.xcassets"; sourceTree = "<group>"; };
		0BD5DBA2F73F7FE042D3B40A /* KalugaButton+SwiftUI.generated.swift */ = {isa = PBXFileReference; explicitFileType = sourcecode.swift; path = "KalugaButton+SwiftUI.generated.swift"; sourceTree = "<group>"; };
		0CADD6A42A7B9222F7B30AA6 /* LifecycleViewModel.generated.swift */ = {isa = PBXFileReference; explicitFileType = sourcecode.swift; path = LifecycleViewModel.generated.swift; sourceTree = "<group>"; };
		0F764B357F53351DA1C5F453 /* Shape+Helpers.generated.swift */ = {isa = PBXFileReference; explicitFileType = sourcecode.swift; path = "Shape+Helpers.generated.swift"; sourceTree = "<group>"; };
		140577234C8D9C9BD309475E /* ListObservable.generated.swift */ = {isa = PBXFileReference; explicitFileType = sourcecode.swift; path = ListObservable.generated.swift; sourceTree = "<group>"; };
		191BB22D1226AD539DDC6631 /* UninitializedSubject.generated.swift */ = {isa = PBXFileReference; explicitFileType = sourcecode.swift; path = UninitializedSubject.generated.swift; sourceTree = "<group>"; };
		1A6188C0AEA563E5E4D3E7AB /* ListSubject.generated.swift */ = {isa = PBXFileReference; explicitFileType = sourcecode.swift; path = ListSubject.generated.swift; sourceTree = "<group>"; };
		1A7A62257F00AFBB12B8616B /* PlatformMappers.generated.swift */ = {isa = PBXFileReference; explicitFileType = sourcecode.swift; path = PlatformMappers.generated.swift; sourceTree = "<group>"; };
		1D787A9CEB2779127CD15B6F /* KalugaDate+Extensions.generated.swift */ = {isa = PBXFileReference; explicitFileType = sourcecode.swift; path = "KalugaDate+Extensions.generated.swift"; sourceTree = "<group>"; };
		2152FB032600AC8F00CF470E /* iOSApp.swift */ = {isa = PBXFileReference; lastKnownFileType = sourcecode.swift; path = iOSApp.swift; sourceTree = "<group>"; };
		46F9ECEF183B5649D7FE3536 /* Pods_CucumberTests.framework */ = {isa = PBXFileReference; explicitFileType = wrapper.framework; includeInIndex = 0; path = Pods_CucumberTests.framework; sourceTree = BUILT_PRODUCTS_DIR; };
		48B350D3EB640C8B7B253753 /* UninitializedObservable.generated.swift */ = {isa = PBXFileReference; explicitFileType = sourcecode.swift; path = UninitializedObservable.generated.swift; sourceTree = "<group>"; };
		5416DF2E8BB6BE190C0431AF /* NavigationBarColor.generated.swift */ = {isa = PBXFileReference; explicitFileType = sourcecode.swift; path = NavigationBarColor.generated.swift; sourceTree = "<group>"; };
		640CC3C72AB49ECA003E3D8C /* Node+Extensions.swift */ = {isa = PBXFileReference; lastKnownFileType = sourcecode.swift; path = "Node+Extensions.swift"; sourceTree = "<group>"; };
		640DFEE92A370DA300ABF2DD /* CucumberTests.xctest */ = {isa = PBXFileReference; explicitFileType = wrapper.cfbundle; includeInIndex = 0; path = CucumberTests.xctest; sourceTree = BUILT_PRODUCTS_DIR; };
		640DFEEB2A370DA300ABF2DD /* CucumberTests.swift */ = {isa = PBXFileReference; lastKnownFileType = sourcecode.swift; path = CucumberTests.swift; sourceTree = "<group>"; };
		640DFEF42A370DD200ABF2DD /* Features */ = {isa = PBXFileReference; lastKnownFileType = folder; path = Features; sourceTree = "<group>"; };
		640DFEF62A370F5C00ABF2DD /* CucumberTests-Bridging-Header.h */ = {isa = PBXFileReference; lastKnownFileType = sourcecode.c.h; path = "CucumberTests-Bridging-Header.h"; sourceTree = "<group>"; };
		640DFEF72A370F5C00ABF2DD /* CucumberTests.m */ = {isa = PBXFileReference; lastKnownFileType = sourcecode.c.objc; path = CucumberTests.m; sourceTree = "<group>"; };
		6483290C2A4AE1C000E5A4A8 /* LoginView.swift */ = {isa = PBXFileReference; lastKnownFileType = sourcecode.swift; path = LoginView.swift; sourceTree = "<group>"; };
		648329292A4B0C4C00E5A4A8 /* HomeView.swift */ = {isa = PBXFileReference; lastKnownFileType = sourcecode.swift; path = HomeView.swift; sourceTree = "<group>"; };
		6483292C2A4B2A5600E5A4A8 /* TestPlan.xctestplan */ = {isa = PBXFileReference; lastKnownFileType = text; path = TestPlan.xctestplan; sourceTree = "<group>"; };
		649AA4382AE94CAA0070EDEF /* Cucumberish.framework */ = {isa = PBXFileReference; explicitFileType = wrapper.framework; path = Cucumberish.framework; sourceTree = BUILT_PRODUCTS_DIR; };
		649AA43A2AE94CB90070EDEF /* Cucumberish.framework */ = {isa = PBXFileReference; explicitFileType = wrapper.framework; path = Cucumberish.framework; sourceTree = BUILT_PRODUCTS_DIR; };
		649B6F932A388AC600C40DCC /* XCTest.framework */ = {isa = PBXFileReference; lastKnownFileType = wrapper.framework; name = XCTest.framework; path = Platforms/iPhoneOS.platform/Developer/Library/Frameworks/XCTest.framework; sourceTree = DEVELOPER_DIR; };
		649B6F992A389F5F00C40DCC /* XCUIElement.swift */ = {isa = PBXFileReference; lastKnownFileType = sourcecode.swift; path = XCUIElement.swift; sourceTree = "<group>"; };
		649B6F9B2A389F9300C40DCC /* Timeout.swift */ = {isa = PBXFileReference; lastKnownFileType = sourcecode.swift; path = Timeout.swift; sourceTree = "<group>"; };
		64DDA56B2AE94C7600AF0D5A /* Cucumberish.framework */ = {isa = PBXFileReference; explicitFileType = wrapper.framework; path = Cucumberish.framework; sourceTree = BUILT_PRODUCTS_DIR; };
		67E93FB7E23655257ECC8D9B /* Pods-CucumberTests.release.xcconfig */ = {isa = PBXFileReference; includeInIndex = 1; lastKnownFileType = text.xcconfig; name = "Pods-CucumberTests.release.xcconfig"; path = "Target Support Files/Pods-CucumberTests/Pods-CucumberTests.release.xcconfig"; sourceTree = "<group>"; };
		69246E55BCB962279D2220E0 /* Observable.generated.swift */ = {isa = PBXFileReference; explicitFileType = sourcecode.swift; path = Observable.generated.swift; sourceTree = "<group>"; };
		6DA39B482E4B46EDBEF4E573 /* RoutingState.generated.swift */ = {isa = PBXFileReference; explicitFileType = sourcecode.swift; path = RoutingState.generated.swift; sourceTree = "<group>"; };
		71FBD06B4210EBAC91D0F6B4 /* HasDefaultValue.generated.swift */ = {isa = PBXFileReference; explicitFileType = sourcecode.swift; path = HasDefaultValue.generated.swift; sourceTree = "<group>"; };
		7555FF7B242A565900829871 /* ios.app */ = {isa = PBXFileReference; explicitFileType = wrapper.application; includeInIndex = 0; path = ios.app; sourceTree = BUILT_PRODUCTS_DIR; };
		7555FF82242A565900829871 /* ContentView.swift */ = {isa = PBXFileReference; lastKnownFileType = sourcecode.swift; path = ContentView.swift; sourceTree = "<group>"; };
		7555FF8C242A565B00829871 /* Info.plist */ = {isa = PBXFileReference; lastKnownFileType = text.plist.xml; path = Info.plist; sourceTree = "<group>"; };
		76088B1B2130282DA6BB6E45 /* Color+Color.generated.swift */ = {isa = PBXFileReference; explicitFileType = sourcecode.swift; path = "Color+Color.generated.swift"; sourceTree = "<group>"; };
		9BE43767F0B59D440634298D /* ContainerView.generated.swift */ = {isa = PBXFileReference; explicitFileType = sourcecode.swift; path = ContainerView.generated.swift; sourceTree = "<group>"; };
		9E798EA8B136B833082411B4 /* PlatformValueMapper.generated.swift */ = {isa = PBXFileReference; explicitFileType = sourcecode.swift; path = PlatformValueMapper.generated.swift; sourceTree = "<group>"; };
		A492DFDE55EF1239A015ECBA /* Navigation.generated.swift */ = {isa = PBXFileReference; explicitFileType = sourcecode.swift; path = Navigation.generated.swift; sourceTree = "<group>"; };
		C740D7E2E8EF042A9EF20A6B /* Pods-CucumberTests.debug.xcconfig */ = {isa = PBXFileReference; includeInIndex = 1; lastKnownFileType = text.xcconfig; name = "Pods-CucumberTests.debug.xcconfig"; path = "Target Support Files/Pods-CucumberTests/Pods-CucumberTests.debug.xcconfig"; sourceTree = "<group>"; };
		CC158DB5DDE249A03B2F51AC /* DefaultValues.generated.swift */ = {isa = PBXFileReference; explicitFileType = sourcecode.swift; path = DefaultValues.generated.swift; sourceTree = "<group>"; };
		D963EF3C4F0C141A4A80C891 /* KalugaStyledString+SwiftUI.generated.swift */ = {isa = PBXFileReference; explicitFileType = sourcecode.swift; path = "KalugaStyledString+SwiftUI.generated.swift"; sourceTree = "<group>"; };
		E52FF51F397E317F81326758 /* TintedImage+Image.generated.swift */ = {isa = PBXFileReference; explicitFileType = sourcecode.swift; path = "TintedImage+Image.generated.swift"; sourceTree = "<group>"; };
		EA6CBAFDA191747DE6BFB4B0 /* LazyView.generated.swift */ = {isa = PBXFileReference; explicitFileType = sourcecode.swift; path = LazyView.generated.swift; sourceTree = "<group>"; };
		F3A826344DD859D1A70A50DA /* KalugaLabel+SwiftUI.generated.swift */ = {isa = PBXFileReference; explicitFileType = sourcecode.swift; path = "KalugaLabel+SwiftUI.generated.swift"; sourceTree = "<group>"; };
		F45727342CFD5BEA57D61051 /* Subject.generated.swift */ = {isa = PBXFileReference; explicitFileType = sourcecode.swift; path = Subject.generated.swift; sourceTree = "<group>"; };
		F91AE96E17B56B56CB7AF766 /* KalugaBackgroundStyle+SwiftUI.generated.swift */ = {isa = PBXFileReference; explicitFileType = sourcecode.swift; path = "KalugaBackgroundStyle+SwiftUI.generated.swift"; sourceTree = "<group>"; };
/* End PBXFileReference section */

/* Begin PBXFrameworksBuildPhase section */
		07039B23A7E4365375829194 /* Frameworks */ = {
			isa = PBXFrameworksBuildPhase;
			buildActionMask = 2147483647;
			files = (
			);
			runOnlyForDeploymentPostprocessing = 0;
		};
		640DFEE62A370DA300ABF2DD /* Frameworks */ = {
			isa = PBXFrameworksBuildPhase;
			buildActionMask = 2147483647;
			files = (
				649B6F942A388AC600C40DCC /* XCTest.framework in Frameworks */,
				2F840DCC27B0A6704BC055E6 /* Pods_CucumberTests.framework in Frameworks */,
			);
			runOnlyForDeploymentPostprocessing = 0;
		};
/* End PBXFrameworksBuildPhase section */

/* Begin PBXGroup section */
		058557D7273AAEEB004C7B11 /* Preview Content */ = {
			isa = PBXGroup;
			children = (
				058557D8273AAEEB004C7B11 /* Preview Assets.xcassets */,
			);
			path = "Preview Content";
			sourceTree = "<group>";
		};
		640DFEEA2A370DA300ABF2DD /* CucumberTests */ = {
			isa = PBXGroup;
			children = (
				649B6F982A389F4C00C40DCC /* Util */,
				640DFEF42A370DD200ABF2DD /* Features */,
				640DFEEB2A370DA300ABF2DD /* CucumberTests.swift */,
				640DFEF72A370F5C00ABF2DD /* CucumberTests.m */,
				640DFEF62A370F5C00ABF2DD /* CucumberTests-Bridging-Header.h */,
				6483292C2A4B2A5600E5A4A8 /* TestPlan.xctestplan */,
			);
			path = CucumberTests;
			sourceTree = "<group>";
		};
		6483290A2A4AE1AE00E5A4A8 /* Screens */ = {
			isa = PBXGroup;
			children = (
				648329282A4B0C3E00E5A4A8 /* Home */,
				6483290B2A4AE1B400E5A4A8 /* Login */,
			);
			path = Screens;
			sourceTree = "<group>";
		};
		6483290B2A4AE1B400E5A4A8 /* Login */ = {
			isa = PBXGroup;
			children = (
				6483290C2A4AE1C000E5A4A8 /* LoginView.swift */,
			);
			path = Login;
			sourceTree = "<group>";
		};
		648329282A4B0C3E00E5A4A8 /* Home */ = {
			isa = PBXGroup;
			children = (
				648329292A4B0C4C00E5A4A8 /* HomeView.swift */,
			);
			path = Home;
			sourceTree = "<group>";
		};
		649B6F982A389F4C00C40DCC /* Util */ = {
			isa = PBXGroup;
			children = (
				649B6F992A389F5F00C40DCC /* XCUIElement.swift */,
				649B6F9B2A389F9300C40DCC /* Timeout.swift */,
				640CC3C72AB49ECA003E3D8C /* Node+Extensions.swift */,
			);
			path = Util;
			sourceTree = "<group>";
		};
		7555FF72242A565900829871 = {
			isa = PBXGroup;
			children = (
				7555FF7D242A565900829871 /* ios */,
				640DFEEA2A370DA300ABF2DD /* CucumberTests */,
				7555FF7C242A565900829871 /* Products */,
				8A0E1A9AAD55C42A9D6F2E2E /* Frameworks */,
				7959A7E223B309B74DABEA7A /* Generated */,
				CC211C4B63C4CCEDBB37D71C /* Pods */,
			);
			sourceTree = "<group>";
		};
		7555FF7C242A565900829871 /* Products */ = {
			isa = PBXGroup;
			children = (
				7555FF7B242A565900829871 /* ios.app */,
				640DFEE92A370DA300ABF2DD /* CucumberTests.xctest */,
			);
			name = Products;
			sourceTree = "<group>";
		};
		7555FF7D242A565900829871 /* ios */ = {
			isa = PBXGroup;
			children = (
				6483290A2A4AE1AE00E5A4A8 /* Screens */,
				058557BA273AAA24004C7B11 /* Assets.xcassets */,
				7555FF82242A565900829871 /* ContentView.swift */,
				7555FF8C242A565B00829871 /* Info.plist */,
				2152FB032600AC8F00CF470E /* iOSApp.swift */,
				058557D7273AAEEB004C7B11 /* Preview Content */,
			);
			path = ios;
			sourceTree = "<group>";
		};
		7959A7E223B309B74DABEA7A /* Generated */ = {
			isa = PBXGroup;
			children = (
				B2EFC680CE13264453EF82B7 /* KalugaSwiftUI */,
			);
			path = Generated;
			sourceTree = "<group>";
		};
		8A0E1A9AAD55C42A9D6F2E2E /* Frameworks */ = {
			isa = PBXGroup;
			children = (
				649AA43A2AE94CB90070EDEF /* Cucumberish.framework */,
				649AA4382AE94CAA0070EDEF /* Cucumberish.framework */,
				64DDA56B2AE94C7600AF0D5A /* Cucumberish.framework */,
				649B6F932A388AC600C40DCC /* XCTest.framework */,
				46F9ECEF183B5649D7FE3536 /* Pods_CucumberTests.framework */,
			);
			name = Frameworks;
			sourceTree = "<group>";
		};
		B2EFC680CE13264453EF82B7 /* KalugaSwiftUI */ = {
			isa = PBXGroup;
			children = (
				76088B1B2130282DA6BB6E45 /* Color+Color.generated.swift */,
				9BE43767F0B59D440634298D /* ContainerView.generated.swift */,
				CC158DB5DDE249A03B2F51AC /* DefaultValues.generated.swift */,
				71FBD06B4210EBAC91D0F6B4 /* HasDefaultValue.generated.swift */,
				F91AE96E17B56B56CB7AF766 /* KalugaBackgroundStyle+SwiftUI.generated.swift */,
				0BD5DBA2F73F7FE042D3B40A /* KalugaButton+SwiftUI.generated.swift */,
				1D787A9CEB2779127CD15B6F /* KalugaDate+Extensions.generated.swift */,
				F3A826344DD859D1A70A50DA /* KalugaLabel+SwiftUI.generated.swift */,
				D963EF3C4F0C141A4A80C891 /* KalugaStyledString+SwiftUI.generated.swift */,
				EA6CBAFDA191747DE6BFB4B0 /* LazyView.generated.swift */,
				0CADD6A42A7B9222F7B30AA6 /* LifecycleViewModel.generated.swift */,
				140577234C8D9C9BD309475E /* ListObservable.generated.swift */,
				1A6188C0AEA563E5E4D3E7AB /* ListSubject.generated.swift */,
				A492DFDE55EF1239A015ECBA /* Navigation.generated.swift */,
				5416DF2E8BB6BE190C0431AF /* NavigationBarColor.generated.swift */,
				69246E55BCB962279D2220E0 /* Observable.generated.swift */,
				1A7A62257F00AFBB12B8616B /* PlatformMappers.generated.swift */,
				9E798EA8B136B833082411B4 /* PlatformValueMapper.generated.swift */,
				6DA39B482E4B46EDBEF4E573 /* RoutingState.generated.swift */,
				0F764B357F53351DA1C5F453 /* Shape+Helpers.generated.swift */,
				F45727342CFD5BEA57D61051 /* Subject.generated.swift */,
				E52FF51F397E317F81326758 /* TintedImage+Image.generated.swift */,
				48B350D3EB640C8B7B253753 /* UninitializedObservable.generated.swift */,
				191BB22D1226AD539DDC6631 /* UninitializedSubject.generated.swift */,
			);
			path = KalugaSwiftUI;
			sourceTree = "<group>";
		};
		CC211C4B63C4CCEDBB37D71C /* Pods */ = {
			isa = PBXGroup;
			children = (
				C740D7E2E8EF042A9EF20A6B /* Pods-CucumberTests.debug.xcconfig */,
				67E93FB7E23655257ECC8D9B /* Pods-CucumberTests.release.xcconfig */,
			);
			path = Pods;
			sourceTree = "<group>";
		};
/* End PBXGroup section */

/* Begin PBXNativeTarget section */
		640DFEE82A370DA300ABF2DD /* CucumberTests */ = {
			isa = PBXNativeTarget;
			buildConfigurationList = 640DFEF32A370DA300ABF2DD /* Build configuration list for PBXNativeTarget "CucumberTests" */;
			buildPhases = (
				87EB082BB1DBD788E080346B /* [CP] Check Pods Manifest.lock */,
				648329012A43377A00E5A4A8 /* Embed framework */,
				640DFEE52A370DA300ABF2DD /* Sources */,
				640DFEE62A370DA300ABF2DD /* Frameworks */,
				640DFEE72A370DA300ABF2DD /* Resources */,
				1C5C2AF5FCE568B7621337F7 /* [CP] Embed Pods Frameworks */,
			);
			buildRules = (
			);
			dependencies = (
				64C235592AE942A600AA3E3E /* PBXTargetDependency */,
			);
			name = CucumberTests;
			productName = CucumberTests;
			productReference = 640DFEE92A370DA300ABF2DD /* CucumberTests.xctest */;
			productType = "com.apple.product-type.bundle.ui-testing";
		};
		7555FF7A242A565900829871 /* ios */ = {
			isa = PBXNativeTarget;
			buildConfigurationList = 7555FFA5242A565B00829871 /* Build configuration list for PBXNativeTarget "ios" */;
			buildPhases = (
				648329002A43373100E5A4A8 /* Embed Framework */,
				7555FF77242A565900829871 /* Sources */,
				7555FF79242A565900829871 /* Resources */,
				07039B23A7E4365375829194 /* Frameworks */,
			);
			buildRules = (
			);
			dependencies = (
			);
			name = ios;
			productName = ios;
			productReference = 7555FF7B242A565900829871 /* ios.app */;
			productType = "com.apple.product-type.application";
		};
/* End PBXNativeTarget section */

/* Begin PBXProject section */
		7555FF73242A565900829871 /* Project object */ = {
			isa = PBXProject;
			attributes = {
				LastSwiftUpdateCheck = 1400;
				LastUpgradeCheck = 1130;
				ORGANIZATIONNAME = orgName;
				TargetAttributes = {
					640DFEE82A370DA300ABF2DD = {
						CreatedOnToolsVersion = 14.0.1;
						LastSwiftMigration = 1400;
						TestTargetID = 7555FF7A242A565900829871;
					};
					7555FF7A242A565900829871 = {
						CreatedOnToolsVersion = 11.3.1;
					};
				};
			};
			buildConfigurationList = 7555FF76242A565900829871 /* Build configuration list for PBXProject "ios" */;
			compatibilityVersion = "Xcode 9.3";
			developmentRegion = en;
			hasScannedForEncodings = 0;
			knownRegions = (
				en,
				Base,
			);
			mainGroup = 7555FF72242A565900829871;
			productRefGroup = 7555FF7C242A565900829871 /* Products */;
			projectDirPath = "";
			projectRoot = "";
			targets = (
				7555FF7A242A565900829871 /* ios */,
				640DFEE82A370DA300ABF2DD /* CucumberTests */,
			);
		};
/* End PBXProject section */

/* Begin PBXResourcesBuildPhase section */
		640DFEE72A370DA300ABF2DD /* Resources */ = {
			isa = PBXResourcesBuildPhase;
			buildActionMask = 2147483647;
			files = (
				640DFEF52A370DD200ABF2DD /* Features in Resources */,
			);
			runOnlyForDeploymentPostprocessing = 0;
		};
		7555FF79242A565900829871 /* Resources */ = {
			isa = PBXResourcesBuildPhase;
			buildActionMask = 2147483647;
			files = (
				058557D9273AAEEB004C7B11 /* Preview Assets.xcassets in Resources */,
				058557BB273AAA24004C7B11 /* Assets.xcassets in Resources */,
			);
			runOnlyForDeploymentPostprocessing = 0;
		};
/* End PBXResourcesBuildPhase section */

/* Begin PBXShellScriptBuildPhase section */
		1C5C2AF5FCE568B7621337F7 /* [CP] Embed Pods Frameworks */ = {
			isa = PBXShellScriptBuildPhase;
			buildActionMask = 2147483647;
			files = (
			);
			inputFileListPaths = (
				"${PODS_ROOT}/Target Support Files/Pods-CucumberTests/Pods-CucumberTests-frameworks-${CONFIGURATION}-input-files.xcfilelist",
			);
			name = "[CP] Embed Pods Frameworks";
			outputFileListPaths = (
				"${PODS_ROOT}/Target Support Files/Pods-CucumberTests/Pods-CucumberTests-frameworks-${CONFIGURATION}-output-files.xcfilelist",
			);
			runOnlyForDeploymentPostprocessing = 0;
			shellPath = /bin/sh;
			shellScript = "\"${PODS_ROOT}/Target Support Files/Pods-CucumberTests/Pods-CucumberTests-frameworks.sh\"\n";
			showEnvVarsInLog = 0;
		};
		648329002A43373100E5A4A8 /* Embed Framework */ = {
			isa = PBXShellScriptBuildPhase;
			buildActionMask = 2147483647;
			files = (
			);
			inputFileListPaths = (
			);
			inputPaths = (
			);
			name = "Embed Framework";
			outputFileListPaths = (
			);
			outputPaths = (
			);
			runOnlyForDeploymentPostprocessing = 0;
			shellPath = /bin/sh;
			shellScript = "cd \"$SRCROOT/../\"\n\n./gradlew :shared:embedAndSignAppleFrameworkForXcode\n";
		};
		648329012A43377A00E5A4A8 /* Embed framework */ = {
			isa = PBXShellScriptBuildPhase;
			buildActionMask = 2147483647;
			files = (
			);
			inputFileListPaths = (
			);
			inputPaths = (
			);
			name = "Embed framework";
			outputFileListPaths = (
			);
			outputPaths = (
			);
			runOnlyForDeploymentPostprocessing = 0;
			shellPath = /bin/sh;
			shellScript = "cd \"$SRCROOT/../\"\n\n./gradlew :cucumberShared:embedAndSignAppleFrameworkForXcode\n";
		};
		87EB082BB1DBD788E080346B /* [CP] Check Pods Manifest.lock */ = {
			isa = PBXShellScriptBuildPhase;
			buildActionMask = 2147483647;
			files = (
			);
			inputFileListPaths = (
			);
			inputPaths = (
				"${PODS_PODFILE_DIR_PATH}/Podfile.lock",
				"${PODS_ROOT}/Manifest.lock",
			);
			name = "[CP] Check Pods Manifest.lock";
			outputFileListPaths = (
			);
			outputPaths = (
				"$(DERIVED_FILE_DIR)/Pods-CucumberTests-checkManifestLockResult.txt",
			);
			runOnlyForDeploymentPostprocessing = 0;
			shellPath = /bin/sh;
			shellScript = "diff \"${PODS_PODFILE_DIR_PATH}/Podfile.lock\" \"${PODS_ROOT}/Manifest.lock\" > /dev/null\nif [ $? != 0 ] ; then\n    # print error to STDERR\n    echo \"error: The sandbox is not in sync with the Podfile.lock. Run 'pod install' or update your CocoaPods installation.\" >&2\n    exit 1\nfi\n# This output is used by Xcode 'outputs' to avoid re-running this script phase.\necho \"SUCCESS\" > \"${SCRIPT_OUTPUT_FILE_0}\"\n";
			showEnvVarsInLog = 0;
		};
/* End PBXShellScriptBuildPhase section */

/* Begin PBXSourcesBuildPhase section */
		640DFEE52A370DA300ABF2DD /* Sources */ = {
			isa = PBXSourcesBuildPhase;
			buildActionMask = 2147483647;
			files = (
				648329022A43391500E5A4A8 /* ContentView.swift in Sources */,
				648329192A4AE6BB00E5A4A8 /* KalugaBackgroundStyle+SwiftUI.generated.swift in Sources */,
				6483291B2A4AE6BB00E5A4A8 /* Navigation.generated.swift in Sources */,
				6483290E2A4AE69D00E5A4A8 /* LoginView.swift in Sources */,
				648329172A4AE6BB00E5A4A8 /* PlatformValueMapper.generated.swift in Sources */,
				648329132A4AE6BB00E5A4A8 /* LifecycleViewModel.generated.swift in Sources */,
				6483291A2A4AE6BB00E5A4A8 /* ListObservable.generated.swift in Sources */,
				648329122A4AE6BB00E5A4A8 /* ListSubject.generated.swift in Sources */,
				648329252A4AE6BB00E5A4A8 /* KalugaLabel+SwiftUI.generated.swift in Sources */,
				648329162A4AE6BB00E5A4A8 /* NavigationBarColor.generated.swift in Sources */,
				648329102A4AE6B600E5A4A8 /* ContainerView.generated.swift in Sources */,
				6483291C2A4AE6BB00E5A4A8 /* PlatformMappers.generated.swift in Sources */,
				648329222A4AE6BB00E5A4A8 /* KalugaButton+SwiftUI.generated.swift in Sources */,
				6483291F2A4AE6BB00E5A4A8 /* KalugaDate+Extensions.generated.swift in Sources */,
				648329182A4AE6BB00E5A4A8 /* RoutingState.generated.swift in Sources */,
				648329262A4AE6BB00E5A4A8 /* DefaultValues.generated.swift in Sources */,
				6483291D2A4AE6BB00E5A4A8 /* Shape+Helpers.generated.swift in Sources */,
				640CC3C82AB49ECA003E3D8C /* Node+Extensions.swift in Sources */,
				648329032A43391500E5A4A8 /* iOSApp.swift in Sources */,
				640DFEF82A370F5C00ABF2DD /* CucumberTests.m in Sources */,
				648329152A4AE6BB00E5A4A8 /* Subject.generated.swift in Sources */,
				648329272A4AE6BB00E5A4A8 /* HasDefaultValue.generated.swift in Sources */,
				648329212A4AE6BB00E5A4A8 /* UninitializedSubject.generated.swift in Sources */,
				648329232A4AE6BB00E5A4A8 /* Observable.generated.swift in Sources */,
				6483290F2A4AE6B200E5A4A8 /* Color+Color.generated.swift in Sources */,
				648329142A4AE6BB00E5A4A8 /* KalugaStyledString+SwiftUI.generated.swift in Sources */,
				649B6F9A2A389F5F00C40DCC /* XCUIElement.swift in Sources */,
				6483292B2A4B0C4D00E5A4A8 /* HomeView.swift in Sources */,
				648329202A4AE6BB00E5A4A8 /* TintedImage+Image.generated.swift in Sources */,
				648329112A4AE6BB00E5A4A8 /* LazyView.generated.swift in Sources */,
				6483291E2A4AE6BB00E5A4A8 /* UninitializedObservable.generated.swift in Sources */,
				640DFEEC2A370DA300ABF2DD /* CucumberTests.swift in Sources */,
				649B6F9C2A389F9300C40DCC /* Timeout.swift in Sources */,
			);
			runOnlyForDeploymentPostprocessing = 0;
		};
		7555FF77242A565900829871 /* Sources */ = {
			isa = PBXSourcesBuildPhase;
			buildActionMask = 2147483647;
			files = (
				6483290D2A4AE1C000E5A4A8 /* LoginView.swift in Sources */,
				2152FB042600AC8F00CF470E /* iOSApp.swift in Sources */,
				7555FF83242A565900829871 /* ContentView.swift in Sources */,
				277600BC3DC673E70E5A18C5 /* Color+Color.generated.swift in Sources */,
				06DA7602FCD40FC96BE0B6D7 /* ContainerView.generated.swift in Sources */,
				436308B705EE84E8FEE8CD21 /* DefaultValues.generated.swift in Sources */,
				693A36FB6E50AC623D41EE80 /* HasDefaultValue.generated.swift in Sources */,
				29395FA8970D38A0CBBB8913 /* KalugaBackgroundStyle+SwiftUI.generated.swift in Sources */,
				F64FDA6B23C6F74A882DF2F5 /* KalugaButton+SwiftUI.generated.swift in Sources */,
				4D7D41A3A4FA6F91C431D068 /* KalugaDate+Extensions.generated.swift in Sources */,
				04754A9886060761775E2E1B /* KalugaLabel+SwiftUI.generated.swift in Sources */,
				1569BED948AEEC91EC1737E4 /* KalugaStyledString+SwiftUI.generated.swift in Sources */,
				6483292A2A4B0C4C00E5A4A8 /* HomeView.swift in Sources */,
				1CCC742CFE45D506AD452E4E /* LazyView.generated.swift in Sources */,
				11559CDEE3603AD2A26594A5 /* LifecycleViewModel.generated.swift in Sources */,
				48C5442ECE76BED5A8FFFAE9 /* ListObservable.generated.swift in Sources */,
				950A2C9198CDAB6069C6CB0E /* ListSubject.generated.swift in Sources */,
				B2F86655BFF81CF0FD39EF0E /* Navigation.generated.swift in Sources */,
				9C2DEBA23A9EA0C3DB968B39 /* NavigationBarColor.generated.swift in Sources */,
				1D67A76FCA08FD976FFD9E69 /* Observable.generated.swift in Sources */,
				122B623E57B902F1045F1E26 /* PlatformMappers.generated.swift in Sources */,
				5A0347FCDC0723695A7D6A7C /* PlatformValueMapper.generated.swift in Sources */,
				058E27B9C6FDABB4CF53DDDF /* RoutingState.generated.swift in Sources */,
				EFCEAFBC9EED5758D0B8E4F7 /* Shape+Helpers.generated.swift in Sources */,
				68EA8C9419458D6A6566101E /* Subject.generated.swift in Sources */,
				A0E41188A70FBC3218884E58 /* TintedImage+Image.generated.swift in Sources */,
				E0B3E5622CB67E29A284CAAC /* UninitializedObservable.generated.swift in Sources */,
				FAF26C36EFC614CD413B9488 /* UninitializedSubject.generated.swift in Sources */,
			);
			runOnlyForDeploymentPostprocessing = 0;
		};
/* End PBXSourcesBuildPhase section */

/* Begin PBXTargetDependency section */
		64C235592AE942A600AA3E3E /* PBXTargetDependency */ = {
			isa = PBXTargetDependency;
			target = 7555FF7A242A565900829871 /* ios */;
			targetProxy = 64C235582AE942A600AA3E3E /* PBXContainerItemProxy */;
		};
/* End PBXTargetDependency section */

/* Begin XCBuildConfiguration section */
		640DFEF12A370DA300ABF2DD /* Debug */ = {
			isa = XCBuildConfiguration;
			baseConfigurationReference = C740D7E2E8EF042A9EF20A6B /* Pods-CucumberTests.debug.xcconfig */;
			buildSettings = {
				CLANG_CXX_LANGUAGE_STANDARD = "gnu++20";
				CLANG_ENABLE_MODULES = YES;
				CODE_SIGN_STYLE = Automatic;
				CURRENT_PROJECT_VERSION = 1;
				DEBUG_INFORMATION_FORMAT = dwarf;
				DEFINES_MODULE = YES;
				DEVELOPMENT_TEAM = NHQ559J67Q;
				FRAMEWORK_SEARCH_PATHS = (
					"$(inherited)",
					"$(SRCROOT)/../cucumberShared/build/xcode-frameworks/$(CONFIGURATION)/$(SDK_NAME)",
					"$(PLATFORM_DIR)/Developer/Library/Frameworks",
				);
				GENERATE_INFOPLIST_FILE = YES;
				IPHONEOS_DEPLOYMENT_TARGET = 16.0;
				LD_RUNPATH_SEARCH_PATHS = (
					"$(inherited)",
					"@executable_path/Frameworks",
					"@loader_path/Frameworks",
				);
				MARKETING_VERSION = 1.0;
				OTHER_LDFLAGS = (
					"$(inherited)",
					"-framework",
					shared,
				);
				PRODUCT_BUNDLE_IDENTIFIER = com.splendo.CucumberTests;
				PRODUCT_NAME = "$(TARGET_NAME)";
				SWIFT_EMIT_LOC_STRINGS = NO;
				SWIFT_OBJC_BRIDGING_HEADER = "CucumberTests/CucumberTests-Bridging-Header.h";
				SWIFT_OPTIMIZATION_LEVEL = "-Onone";
				SWIFT_VERSION = 5.0;
				TARGETED_DEVICE_FAMILY = "1,2";
				TEST_TARGET_NAME = ios;
			};
			name = Debug;
		};
		640DFEF22A370DA300ABF2DD /* Release */ = {
			isa = XCBuildConfiguration;
			baseConfigurationReference = 67E93FB7E23655257ECC8D9B /* Pods-CucumberTests.release.xcconfig */;
			buildSettings = {
				CLANG_CXX_LANGUAGE_STANDARD = "gnu++20";
				CLANG_ENABLE_MODULES = YES;
				CODE_SIGN_STYLE = Automatic;
				CURRENT_PROJECT_VERSION = 1;
				DEFINES_MODULE = YES;
				DEVELOPMENT_TEAM = NHQ559J67Q;
				FRAMEWORK_SEARCH_PATHS = (
					"$(inherited)",
					"$(SRCROOT)/../cucumberShared/build/xcode-frameworks/$(CONFIGURATION)/$(SDK_NAME)",
				);
				GENERATE_INFOPLIST_FILE = YES;
				IPHONEOS_DEPLOYMENT_TARGET = 16.0;
				LD_RUNPATH_SEARCH_PATHS = (
					"$(inherited)",
					"@executable_path/Frameworks",
					"@loader_path/Frameworks",
				);
				MARKETING_VERSION = 1.0;
				OTHER_LDFLAGS = (
					"$(inherited)",
					"-framework",
					shared,
				);
				PRODUCT_BUNDLE_IDENTIFIER = com.splendo.CucumberTests;
				PRODUCT_NAME = "$(TARGET_NAME)";
				SWIFT_EMIT_LOC_STRINGS = NO;
				SWIFT_OBJC_BRIDGING_HEADER = "CucumberTests/CucumberTests-Bridging-Header.h";
				SWIFT_VERSION = 5.0;
				TARGETED_DEVICE_FAMILY = "1,2";
				TEST_TARGET_NAME = ios;
			};
			name = Release;
		};
		7555FFA3242A565B00829871 /* Debug */ = {
			isa = XCBuildConfiguration;
			buildSettings = {
				ALWAYS_SEARCH_USER_PATHS = NO;
				CLANG_ANALYZER_NONNULL = YES;
				CLANG_ANALYZER_NUMBER_OBJECT_CONVERSION = YES_AGGRESSIVE;
				CLANG_CXX_LANGUAGE_STANDARD = "gnu++14";
				CLANG_CXX_LIBRARY = "libc++";
				CLANG_ENABLE_MODULES = YES;
				CLANG_ENABLE_OBJC_ARC = YES;
				CLANG_ENABLE_OBJC_WEAK = YES;
				CLANG_WARN_BLOCK_CAPTURE_AUTORELEASING = YES;
				CLANG_WARN_BOOL_CONVERSION = YES;
				CLANG_WARN_COMMA = YES;
				CLANG_WARN_CONSTANT_CONVERSION = YES;
				CLANG_WARN_DEPRECATED_OBJC_IMPLEMENTATIONS = YES;
				CLANG_WARN_DIRECT_OBJC_ISA_USAGE = YES_ERROR;
				CLANG_WARN_DOCUMENTATION_COMMENTS = YES;
				CLANG_WARN_EMPTY_BODY = YES;
				CLANG_WARN_ENUM_CONVERSION = YES;
				CLANG_WARN_INFINITE_RECURSION = YES;
				CLANG_WARN_INT_CONVERSION = YES;
				CLANG_WARN_NON_LITERAL_NULL_CONVERSION = YES;
				CLANG_WARN_OBJC_IMPLICIT_RETAIN_SELF = YES;
				CLANG_WARN_OBJC_LITERAL_CONVERSION = YES;
				CLANG_WARN_OBJC_ROOT_CLASS = YES_ERROR;
				CLANG_WARN_QUOTED_INCLUDE_IN_FRAMEWORK_HEADER = YES;
				CLANG_WARN_RANGE_LOOP_ANALYSIS = YES;
				CLANG_WARN_STRICT_PROTOTYPES = YES;
				CLANG_WARN_SUSPICIOUS_MOVE = YES;
				CLANG_WARN_UNGUARDED_AVAILABILITY = YES_AGGRESSIVE;
				CLANG_WARN_UNREACHABLE_CODE = YES;
				CLANG_WARN__DUPLICATE_METHOD_MATCH = YES;
				COPY_PHASE_STRIP = NO;
				DEBUG_INFORMATION_FORMAT = "dwarf-with-dsym";
				ENABLE_STRICT_OBJC_MSGSEND = YES;
				ENABLE_TESTABILITY = YES;
				GCC_C_LANGUAGE_STANDARD = gnu11;
				GCC_DYNAMIC_NO_PIC = NO;
				GCC_NO_COMMON_BLOCKS = YES;
				GCC_OPTIMIZATION_LEVEL = 0;
				GCC_PREPROCESSOR_DEFINITIONS = (
					"DEBUG=1",
					"$(inherited)",
				);
				GCC_WARN_64_TO_32_BIT_CONVERSION = YES;
				GCC_WARN_ABOUT_RETURN_TYPE = YES_ERROR;
				GCC_WARN_UNDECLARED_SELECTOR = YES;
				GCC_WARN_UNINITIALIZED_AUTOS = YES_AGGRESSIVE;
				GCC_WARN_UNUSED_FUNCTION = YES;
				GCC_WARN_UNUSED_VARIABLE = YES;
				IPHONEOS_DEPLOYMENT_TARGET = 14.1;
				MTL_ENABLE_DEBUG_INFO = INCLUDE_SOURCE;
				MTL_FAST_MATH = YES;
				ONLY_ACTIVE_ARCH = YES;
				SDKROOT = iphoneos;
				SWIFT_ACTIVE_COMPILATION_CONDITIONS = DEBUG;
				SWIFT_OPTIMIZATION_LEVEL = "-Onone";
			};
			name = Debug;
		};
		7555FFA4242A565B00829871 /* Release */ = {
			isa = XCBuildConfiguration;
			buildSettings = {
				ALWAYS_SEARCH_USER_PATHS = NO;
				CLANG_ANALYZER_NONNULL = YES;
				CLANG_ANALYZER_NUMBER_OBJECT_CONVERSION = YES_AGGRESSIVE;
				CLANG_CXX_LANGUAGE_STANDARD = "gnu++14";
				CLANG_CXX_LIBRARY = "libc++";
				CLANG_ENABLE_MODULES = YES;
				CLANG_ENABLE_OBJC_ARC = YES;
				CLANG_ENABLE_OBJC_WEAK = YES;
				CLANG_WARN_BLOCK_CAPTURE_AUTORELEASING = YES;
				CLANG_WARN_BOOL_CONVERSION = YES;
				CLANG_WARN_COMMA = YES;
				CLANG_WARN_CONSTANT_CONVERSION = YES;
				CLANG_WARN_DEPRECATED_OBJC_IMPLEMENTATIONS = YES;
				CLANG_WARN_DIRECT_OBJC_ISA_USAGE = YES_ERROR;
				CLANG_WARN_DOCUMENTATION_COMMENTS = YES;
				CLANG_WARN_EMPTY_BODY = YES;
				CLANG_WARN_ENUM_CONVERSION = YES;
				CLANG_WARN_INFINITE_RECURSION = YES;
				CLANG_WARN_INT_CONVERSION = YES;
				CLANG_WARN_NON_LITERAL_NULL_CONVERSION = YES;
				CLANG_WARN_OBJC_IMPLICIT_RETAIN_SELF = YES;
				CLANG_WARN_OBJC_LITERAL_CONVERSION = YES;
				CLANG_WARN_OBJC_ROOT_CLASS = YES_ERROR;
				CLANG_WARN_QUOTED_INCLUDE_IN_FRAMEWORK_HEADER = YES;
				CLANG_WARN_RANGE_LOOP_ANALYSIS = YES;
				CLANG_WARN_STRICT_PROTOTYPES = YES;
				CLANG_WARN_SUSPICIOUS_MOVE = YES;
				CLANG_WARN_UNGUARDED_AVAILABILITY = YES_AGGRESSIVE;
				CLANG_WARN_UNREACHABLE_CODE = YES;
				CLANG_WARN__DUPLICATE_METHOD_MATCH = YES;
				COPY_PHASE_STRIP = NO;
				DEBUG_INFORMATION_FORMAT = "dwarf-with-dsym";
				ENABLE_NS_ASSERTIONS = NO;
				ENABLE_STRICT_OBJC_MSGSEND = YES;
				GCC_C_LANGUAGE_STANDARD = gnu11;
				GCC_NO_COMMON_BLOCKS = YES;
				GCC_WARN_64_TO_32_BIT_CONVERSION = YES;
				GCC_WARN_ABOUT_RETURN_TYPE = YES_ERROR;
				GCC_WARN_UNDECLARED_SELECTOR = YES;
				GCC_WARN_UNINITIALIZED_AUTOS = YES_AGGRESSIVE;
				GCC_WARN_UNUSED_FUNCTION = YES;
				GCC_WARN_UNUSED_VARIABLE = YES;
				IPHONEOS_DEPLOYMENT_TARGET = 14.1;
				MTL_ENABLE_DEBUG_INFO = NO;
				MTL_FAST_MATH = YES;
				SDKROOT = iphoneos;
				SWIFT_COMPILATION_MODE = wholemodule;
				SWIFT_OPTIMIZATION_LEVEL = "-O";
				VALIDATE_PRODUCT = YES;
			};
			name = Release;
		};
		7555FFA6242A565B00829871 /* Debug */ = {
			isa = XCBuildConfiguration;
			buildSettings = {
				ASSETCATALOG_COMPILER_APPICON_NAME = AppIcon;
				CODE_SIGN_STYLE = Automatic;
				DEVELOPMENT_ASSET_PATHS = "\"ios/Preview Content\"";
				ENABLE_PREVIEWS = YES;
				FRAMEWORK_SEARCH_PATHS = (
					"$(inherited)",
					"$(SRCROOT)/../shared/build/xcode-frameworks/$(CONFIGURATION)/$(SDK_NAME)",
				);
				INFOPLIST_FILE = ios/Info.plist;
				LD_RUNPATH_SEARCH_PATHS = (
					"$(inherited)",
					"@executable_path/Frameworks",
				);
				OTHER_LDFLAGS = (
					"$(inherited)",
					"-framework",
					shared,
				);
				PRODUCT_BUNDLE_IDENTIFIER = orgIdentifier.ios;
				PRODUCT_NAME = "$(TARGET_NAME)";
				SWIFT_VERSION = 5.0;
				TARGETED_DEVICE_FAMILY = "1,2";
			};
			name = Debug;
		};
		7555FFA7242A565B00829871 /* Release */ = {
			isa = XCBuildConfiguration;
			buildSettings = {
				ASSETCATALOG_COMPILER_APPICON_NAME = AppIcon;
				CODE_SIGN_STYLE = Automatic;
				DEVELOPMENT_ASSET_PATHS = "\"ios/Preview Content\"";
				ENABLE_PREVIEWS = YES;
				FRAMEWORK_SEARCH_PATHS = (
					"$(inherited)",
					"$(SRCROOT)/../shared/build/xcode-frameworks/$(CONFIGURATION)/$(SDK_NAME)",
				);
				INFOPLIST_FILE = ios/Info.plist;
				LD_RUNPATH_SEARCH_PATHS = (
					"$(inherited)",
					"@executable_path/Frameworks",
				);
				OTHER_LDFLAGS = (
					"$(inherited)",
					"-framework",
					shared,
				);
				PRODUCT_BUNDLE_IDENTIFIER = orgIdentifier.ios;
				PRODUCT_NAME = "$(TARGET_NAME)";
				SWIFT_VERSION = 5.0;
				TARGETED_DEVICE_FAMILY = "1,2";
			};
			name = Release;
		};
/* End XCBuildConfiguration section */

/* Begin XCConfigurationList section */
		640DFEF32A370DA300ABF2DD /* Build configuration list for PBXNativeTarget "CucumberTests" */ = {
			isa = XCConfigurationList;
			buildConfigurations = (
				640DFEF12A370DA300ABF2DD /* Debug */,
				640DFEF22A370DA300ABF2DD /* Release */,
			);
			defaultConfigurationIsVisible = 0;
			defaultConfigurationName = Release;
		};
		7555FF76242A565900829871 /* Build configuration list for PBXProject "ios" */ = {
			isa = XCConfigurationList;
			buildConfigurations = (
				7555FFA3242A565B00829871 /* Debug */,
				7555FFA4242A565B00829871 /* Release */,
			);
			defaultConfigurationIsVisible = 0;
			defaultConfigurationName = Release;
		};
		7555FFA5242A565B00829871 /* Build configuration list for PBXNativeTarget "ios" */ = {
			isa = XCConfigurationList;
			buildConfigurations = (
				7555FFA6242A565B00829871 /* Debug */,
				7555FFA7242A565B00829871 /* Release */,
			);
			defaultConfigurationIsVisible = 0;
			defaultConfigurationName = Release;
		};
/* End XCConfigurationList section */
	};
	rootObject = 7555FF73242A565900829871 /* Project object */;
}
